<?xml version="1.0" encoding="utf-8"?>
<Project ToolsVersion="4.0" xmlns="http://schemas.microsoft.com/developer/msbuild/2003">
  <ItemGroup>
    <Filter Include="Source Files">
      <UniqueIdentifier>{4FC737F1-C7A5-4376-A066-2A32D752A2FF}</UniqueIdentifier>
      <Extensions>cpp;c;cc;cxx;c++;cppm;ixx</Extensions>
    </Filter>
    <Filter Include="Header Files">
      <UniqueIdentifier>{93995380-89BD-4B04-88EB-625FBE52EBFB}</UniqueIdentifier>
      <Extensions>h;hpp;hxx;inl</Extensions>
    </Filter>
    <Filter Include="Resource Files">
      <UniqueIdentifier>{67DA6AB6-F800-4C08-8B7A-83BB121AAD01}</UniqueIdentifier>
      <Extensions>rc;manifest;ini</Extensions>
    </Filter>
  </ItemGroup>
  <ItemGroup>
    <ClCompile Include="src\AppCore.cpp"><Filter>Source Files</Filter></ClCompile>
    <ClCompile Include="src\CommandLine.cpp"><Filter>Source Files</Filter></ClCompile>
    <ClCompile Include="src\EnvironmentManager.cpp"><Filter>Source Files</Filter></ClCompile>
    <ClCompile Include="src\Logger.cpp"><Filter>Source Files</Filter></ClCompile>
    <ClCompile Include="src\main.cpp"><Filter>Source Files</Filter></ClCompile>
    <ClCompile Include="src\MediaAssociations.cpp"><Filter>Source Files</Filter></ClCompile>
    <ClCompile Include="src\MpvIpc.cpp"><Filter>Source Files</Filter></ClCompile>
    <ClCompile Include="src\PlaybackFeedback.cpp"><Filter>Source Files</Filter></ClCompile>
    <ClCompile Include="src\PortableEnvironment.cpp"><Filter>Source Files</Filter></ClCompile>
    <ClCompile Include="src\ProcessLauncher.cpp"><Filter>Source Files</Filter></ClCompile>
    <ClCompile Include="src\ProfileManager.cpp"><Filter>Source Files</Filter></ClCompile>
    <ClCompile Include="src\ProfilePicker.cpp"><Filter>Source Files</Filter></ClCompile>
    <ClCompile Include="src\ProtocolHandler.cpp"><Filter>Source Files</Filter></ClCompile>
    <ClCompile Include="src\Profiles.cpp"><Filter>Source Files</Filter></ClCompile>
    <ClCompile Include="src\UiCommon.cpp"><Filter>Source Files</Filter></ClCompile>
    <ClCompile Include="src\YtdlpPreflight.cpp"><Filter>Source Files</Filter></ClCompile>
  </ItemGroup>
  <ItemGroup>
    <ClInclude Include="src\AppCore.h"><Filter>Header Files</Filter></ClInclude>
    <ClInclude Include="src\CommandLine.h"><Filter>Header Files</Filter></ClInclude>
    <ClInclude Include="src\EnvironmentManager.h"><Filter>Header Files</Filter></ClInclude>
    <ClInclude Include="src\Logger.h"><Filter>Header Files</Filter></ClInclude>
    <ClInclude Include="src\MediaAssociations.h"><Filter>Header Files</Filter></ClInclude>
    <ClInclude Include="src\MpvIpc.h"><Filter>Header Files</Filter></ClInclude>
    <ClInclude Include="src\PlaybackFeedback.h"><Filter>Header Files</Filter></ClInclude>
    <ClInclude Include="src\PortableEnvironment.h"><Filter>Header Files</Filter></ClInclude>
    <ClInclude Include="src\ProcessLauncher.h"><Filter>Header Files</Filter></ClInclude>
    <ClInclude Include="src\ProfileManager.h"><Filter>Header Files</Filter></ClInclude>
    <ClInclude Include="src\ProfilePicker.h"><Filter>Header Files</Filter></ClInclude>
    <ClInclude Include="src\ProtocolHandler.h"><Filter>Header Files</Filter></ClInclude>
    <ClInclude Include="src\Profiles.h"><Filter>Header Files</Filter></ClInclude>
    <ClInclude Include="src\resource.h"><Filter>Header Files</Filter></ClInclude>
    <ClInclude Include="src\UiCommon.h"><Filter>Header Files</Filter></ClInclude>
    <ClInclude Include="src\YtdlpPreflight.h"><Filter>Header Files</Filter></ClInclude>
  </ItemGroup>
  <ItemGroup>
    <ResourceCompile Include="src\app.rc"><Filter>Resource Files</Filter></ResourceCompile>
    <Manifest Include="src\app.manifest"><Filter>Resource Files</Filter></Manifest>
    <Image Include="src\app.ico"><Filter>Resource Files</Filter></Image>
    <None Include="src\External Player-YTDL Labels.lua"><Filter>Resource Files</Filter></None>
    <None Include="profiles.ini"><Filter>Resource Files</Filter></None>
    <None Include="README.md" />
  </ItemGroup>
</Project>
